// !$*UTF8*$!
{
	archiveVersion = 1;
	classes = {
	};
	objectVersion = 56;
	objects = {

/* Begin PBXBuildFile section */
		88324BA72C8B5FE300C41609 /* CoinGeckoApp.swift in Sources */ = {isa = PBXBuildFile; fileRef = 88324BA62C8B5FE300C41609 /* CoinGeckoApp.swift */; };
		88324BA92C8B5FE300C41609 /* ContentView.swift in Sources */ = {isa = PBXBuildFile; fileRef = 88324BA82C8B5FE300C41609 /* ContentView.swift */; };
		88324BAB2C8B5FE400C41609 /* Assets.xcassets in Resources */ = {isa = PBXBuildFile; fileRef = 88324BAA2C8B5FE400C41609 /* Assets.xcassets */; };
		88324BAE2C8B5FE400C41609 /* Preview Assets.xcassets in Resources */ = {isa = PBXBuildFile; fileRef = 88324BAD2C8B5FE400C41609 /* Preview Assets.xcassets */; };
		88324BB52C8B610F00C41609 /* TrendingView.swift in Sources */ = {isa = PBXBuildFile; fileRef = 88324BB42C8B610F00C41609 /* TrendingView.swift */; };
		88324BB72C8B612200C41609 /* NavigationWrapper.swift in Sources */ = {isa = PBXBuildFile; fileRef = 88324BB62C8B612200C41609 /* NavigationWrapper.swift */; };
		8864BFE72C8D625F00FD3D04 /* APIError.swift in Sources */ = {isa = PBXBuildFile; fileRef = 8864BFE62C8D625F00FD3D04 /* APIError.swift */; };
		8864BFE92C8D670D00FD3D04 /* CoinIconView.swift in Sources */ = {isa = PBXBuildFile; fileRef = 8864BFE82C8D670D00FD3D04 /* CoinIconView.swift */; };
		8864BFED2C8D6E2100FD3D04 /* Int+.swift in Sources */ = {isa = PBXBuildFile; fileRef = 8864BFEC2C8D6E2100FD3D04 /* Int+.swift */; };
		8864BFF02C8DA6A200FD3D04 /* DateFormatManager.swift in Sources */ = {isa = PBXBuildFile; fileRef = 8864BFEF2C8DA6A200FD3D04 /* DateFormatManager.swift */; };
		888D80912C8BDFB600E78F49 /* CoinPriceView.swift in Sources */ = {isa = PBXBuildFile; fileRef = 888D80902C8BDFB600E78F49 /* CoinPriceView.swift */; };
		888D80952C8C0C3700E78F49 /* NavigationBarModifier.swift in Sources */ = {isa = PBXBuildFile; fileRef = 888D80942C8C0C3700E78F49 /* NavigationBarModifier.swift */; };
		888D80972C8C0E4200E78F49 /* ProfileImageView.swift in Sources */ = {isa = PBXBuildFile; fileRef = 888D80962C8C0E4200E78F49 /* ProfileImageView.swift */; };
		888D80992C8C162800E78F49 /* RoundCornerBorder.swift in Sources */ = {isa = PBXBuildFile; fileRef = 888D80982C8C162800E78F49 /* RoundCornerBorder.swift */; };
		888D809C2C8C696600E78F49 /* CoingeckoService.swift in Sources */ = {isa = PBXBuildFile; fileRef = 888D809B2C8C696600E78F49 /* CoingeckoService.swift */; };
		888D809E2C8C6AAB00E78F49 /* CoinSearchResponse.swift in Sources */ = {isa = PBXBuildFile; fileRef = 888D809D2C8C6AAB00E78F49 /* CoinSearchResponse.swift */; };
		888D80A12C8C857E00E78F49 /* String+.swift in Sources */ = {isa = PBXBuildFile; fileRef = 888D80A02C8C857E00E78F49 /* String+.swift */; };
		888D80A32C8C89BE00E78F49 /* LazyNavigationView.swift in Sources */ = {isa = PBXBuildFile; fileRef = 888D80A22C8C89BE00E78F49 /* LazyNavigationView.swift */; };
		888D80A52C8C8C5C00E78F49 /* ChartView.swift in Sources */ = {isa = PBXBuildFile; fileRef = 888D80A42C8C8C5C00E78F49 /* ChartView.swift */; };
		888D80A72C8C8D1F00E78F49 /* URLSession+.swift in Sources */ = {isa = PBXBuildFile; fileRef = 888D80A62C8C8D1F00E78F49 /* URLSession+.swift */; };
		888D80A92C8C902500E78F49 /* APIURL.swift in Sources */ = {isa = PBXBuildFile; fileRef = 888D80A82C8C902500E78F49 /* APIURL.swift */; };
		888D80AB2C8C9B9F00E78F49 /* CoinMarketResponse.swift in Sources */ = {isa = PBXBuildFile; fileRef = 888D80AA2C8C9B9F00E78F49 /* CoinMarketResponse.swift */; };
		88B7EEAF2C8B65190053345C /* SearchView.swift in Sources */ = {isa = PBXBuildFile; fileRef = 88B7EEAE2C8B65190053345C /* SearchView.swift */; };
		88B7EEB12C8B65300053345C /* FavoriteView.swift in Sources */ = {isa = PBXBuildFile; fileRef = 88B7EEB02C8B65300053345C /* FavoriteView.swift */; };
/* End PBXBuildFile section */

/* Begin PBXFileReference section */
		88324BA32C8B5FE300C41609 /* CoinGecko.app */ = {isa = PBXFileReference; explicitFileType = wrapper.application; includeInIndex = 0; path = CoinGecko.app; sourceTree = BUILT_PRODUCTS_DIR; };
		88324BA62C8B5FE300C41609 /* CoinGeckoApp.swift */ = {isa = PBXFileReference; lastKnownFileType = sourcecode.swift; path = CoinGeckoApp.swift; sourceTree = "<group>"; };
		88324BA82C8B5FE300C41609 /* ContentView.swift */ = {isa = PBXFileReference; lastKnownFileType = sourcecode.swift; path = ContentView.swift; sourceTree = "<group>"; };
		88324BAA2C8B5FE400C41609 /* Assets.xcassets */ = {isa = PBXFileReference; lastKnownFileType = folder.assetcatalog; path = Assets.xcassets; sourceTree = "<group>"; };
		88324BAD2C8B5FE400C41609 /* Preview Assets.xcassets */ = {isa = PBXFileReference; lastKnownFileType = folder.assetcatalog; path = "Preview Assets.xcassets"; sourceTree = "<group>"; };
		88324BB42C8B610F00C41609 /* TrendingView.swift */ = {isa = PBXFileReference; lastKnownFileType = sourcecode.swift; path = TrendingView.swift; sourceTree = "<group>"; };
		88324BB62C8B612200C41609 /* NavigationWrapper.swift */ = {isa = PBXFileReference; lastKnownFileType = sourcecode.swift; path = NavigationWrapper.swift; sourceTree = "<group>"; };
		8864BFE62C8D625F00FD3D04 /* APIError.swift */ = {isa = PBXFileReference; lastKnownFileType = sourcecode.swift; path = APIError.swift; sourceTree = "<group>"; };
		8864BFE82C8D670D00FD3D04 /* CoinIconView.swift */ = {isa = PBXFileReference; lastKnownFileType = sourcecode.swift; path = CoinIconView.swift; sourceTree = "<group>"; };
		8864BFEC2C8D6E2100FD3D04 /* Int+.swift */ = {isa = PBXFileReference; lastKnownFileType = sourcecode.swift; path = "Int+.swift"; sourceTree = "<group>"; };
		8864BFEF2C8DA6A200FD3D04 /* DateFormatManager.swift */ = {isa = PBXFileReference; lastKnownFileType = sourcecode.swift; path = DateFormatManager.swift; sourceTree = "<group>"; };
		888D80902C8BDFB600E78F49 /* CoinPriceView.swift */ = {isa = PBXFileReference; lastKnownFileType = sourcecode.swift; path = CoinPriceView.swift; sourceTree = "<group>"; };
		888D80942C8C0C3700E78F49 /* NavigationBarModifier.swift */ = {isa = PBXFileReference; lastKnownFileType = sourcecode.swift; path = NavigationBarModifier.swift; sourceTree = "<group>"; };
		888D80962C8C0E4200E78F49 /* ProfileImageView.swift */ = {isa = PBXFileReference; lastKnownFileType = sourcecode.swift; path = ProfileImageView.swift; sourceTree = "<group>"; };
		888D80982C8C162800E78F49 /* RoundCornerBorder.swift */ = {isa = PBXFileReference; lastKnownFileType = sourcecode.swift; path = RoundCornerBorder.swift; sourceTree = "<group>"; };
		888D809B2C8C696600E78F49 /* CoingeckoService.swift */ = {isa = PBXFileReference; lastKnownFileType = sourcecode.swift; path = CoingeckoService.swift; sourceTree = "<group>"; };
		888D809D2C8C6AAB00E78F49 /* CoinSearchResponse.swift */ = {isa = PBXFileReference; lastKnownFileType = sourcecode.swift; path = CoinSearchResponse.swift; sourceTree = "<group>"; };
		888D80A02C8C857E00E78F49 /* String+.swift */ = {isa = PBXFileReference; lastKnownFileType = sourcecode.swift; path = "String+.swift"; sourceTree = "<group>"; };
		888D80A22C8C89BE00E78F49 /* LazyNavigationView.swift */ = {isa = PBXFileReference; lastKnownFileType = sourcecode.swift; path = LazyNavigationView.swift; sourceTree = "<group>"; };
		888D80A42C8C8C5C00E78F49 /* ChartView.swift */ = {isa = PBXFileReference; lastKnownFileType = sourcecode.swift; path = ChartView.swift; sourceTree = "<group>"; };
		888D80A62C8C8D1F00E78F49 /* URLSession+.swift */ = {isa = PBXFileReference; lastKnownFileType = sourcecode.swift; path = "URLSession+.swift"; sourceTree = "<group>"; };
		888D80A82C8C902500E78F49 /* APIURL.swift */ = {isa = PBXFileReference; lastKnownFileType = sourcecode.swift; path = APIURL.swift; sourceTree = "<group>"; };
		888D80AA2C8C9B9F00E78F49 /* CoinMarketResponse.swift */ = {isa = PBXFileReference; lastKnownFileType = sourcecode.swift; path = CoinMarketResponse.swift; sourceTree = "<group>"; };
		88B7EEAE2C8B65190053345C /* SearchView.swift */ = {isa = PBXFileReference; lastKnownFileType = sourcecode.swift; path = SearchView.swift; sourceTree = "<group>"; };
		88B7EEB02C8B65300053345C /* FavoriteView.swift */ = {isa = PBXFileReference; lastKnownFileType = sourcecode.swift; path = FavoriteView.swift; sourceTree = "<group>"; };
/* End PBXFileReference section */

/* Begin PBXFrameworksBuildPhase section */
		88324BA02C8B5FE300C41609 /* Frameworks */ = {
			isa = PBXFrameworksBuildPhase;
			buildActionMask = 2147483647;
			files = (
			);
			runOnlyForDeploymentPostprocessing = 0;
		};
/* End PBXFrameworksBuildPhase section */

/* Begin PBXGroup section */
		88324B9A2C8B5FE300C41609 = {
			isa = PBXGroup;
			children = (
				88324BA52C8B5FE300C41609 /* CoinGecko */,
				88324BA42C8B5FE300C41609 /* Products */,
			);
			sourceTree = "<group>";
		};
		88324BA42C8B5FE300C41609 /* Products */ = {
			isa = PBXGroup;
			children = (
				88324BA32C8B5FE300C41609 /* CoinGecko.app */,
			);
			name = Products;
			sourceTree = "<group>";
		};
		88324BA52C8B5FE300C41609 /* CoinGecko */ = {
			isa = PBXGroup;
			children = (
				8864BFEE2C8DA69700FD3D04 /* Utill */,
				888D809F2C8C857600E78F49 /* Extension */,
				888D809A2C8C695800E78F49 /* Network */,
				888D80932C8C0C1C00E78F49 /* Modifier */,
				888D80922C8BDFCD00E78F49 /* MainView */,
				888D808F2C8BDF9600E78F49 /* Wrapper */,
				888D808C2C8BDAB000E78F49 /* CustomView */,
				88324BA62C8B5FE300C41609 /* CoinGeckoApp.swift */,
				88324BA82C8B5FE300C41609 /* ContentView.swift */,
				88324BAA2C8B5FE400C41609 /* Assets.xcassets */,
				88324BAC2C8B5FE400C41609 /* Preview Content */,
			);
			path = CoinGecko;
			sourceTree = "<group>";
		};
		88324BAC2C8B5FE400C41609 /* Preview Content */ = {
			isa = PBXGroup;
			children = (
				88324BAD2C8B5FE400C41609 /* Preview Assets.xcassets */,
			);
			path = "Preview Content";
			sourceTree = "<group>";
		};
		8864BFEA2C8D6DED00FD3D04 /* Model */ = {
			isa = PBXGroup;
			children = (
				888D80AA2C8C9B9F00E78F49 /* CoinMarketResponse.swift */,
				888D809D2C8C6AAB00E78F49 /* CoinSearchResponse.swift */,
			);
			path = Model;
			sourceTree = "<group>";
		};
		8864BFEB2C8D6DFD00FD3D04 /* Service */ = {
			isa = PBXGroup;
			children = (
				888D809B2C8C696600E78F49 /* CoingeckoService.swift */,
			);
			path = Service;
			sourceTree = "<group>";
		};
		8864BFEE2C8DA69700FD3D04 /* Utill */ = {
			isa = PBXGroup;
			children = (
				8864BFEF2C8DA6A200FD3D04 /* DateFormatManager.swift */,
			);
			path = Utill;
			sourceTree = "<group>";
		};
		888D808C2C8BDAB000E78F49 /* CustomView */ = {
			isa = PBXGroup;
			children = (
				888D80902C8BDFB600E78F49 /* CoinPriceView.swift */,
				888D80962C8C0E4200E78F49 /* ProfileImageView.swift */,
				8864BFE82C8D670D00FD3D04 /* CoinIconView.swift */,
			);
			path = CustomView;
			sourceTree = "<group>";
		};
		888D808F2C8BDF9600E78F49 /* Wrapper */ = {
			isa = PBXGroup;
			children = (
				88324BB62C8B612200C41609 /* NavigationWrapper.swift */,
				888D80A22C8C89BE00E78F49 /* LazyNavigationView.swift */,
			);
			path = Wrapper;
			sourceTree = "<group>";
		};
		888D80922C8BDFCD00E78F49 /* MainView */ = {
			isa = PBXGroup;
			children = (
				88324BB42C8B610F00C41609 /* TrendingView.swift */,
				88B7EEAE2C8B65190053345C /* SearchView.swift */,
				88B7EEB02C8B65300053345C /* FavoriteView.swift */,
				888D80A42C8C8C5C00E78F49 /* ChartView.swift */,
			);
			path = MainView;
			sourceTree = "<group>";
		};
		888D80932C8C0C1C00E78F49 /* Modifier */ = {
			isa = PBXGroup;
			children = (
				888D80982C8C162800E78F49 /* RoundCornerBorder.swift */,
				888D80942C8C0C3700E78F49 /* NavigationBarModifier.swift */,
			);
			path = Modifier;
			sourceTree = "<group>";
		};
		888D809A2C8C695800E78F49 /* Network */ = {
			isa = PBXGroup;
			children = (
				8864BFEB2C8D6DFD00FD3D04 /* Service */,
				8864BFEA2C8D6DED00FD3D04 /* Model */,
				888D80A82C8C902500E78F49 /* APIURL.swift */,
				8864BFE62C8D625F00FD3D04 /* APIError.swift */,
			);
			path = Network;
			sourceTree = "<group>";
		};
		888D809F2C8C857600E78F49 /* Extension */ = {
			isa = PBXGroup;
			children = (
				888D80A02C8C857E00E78F49 /* String+.swift */,
				888D80A62C8C8D1F00E78F49 /* URLSession+.swift */,
				8864BFEC2C8D6E2100FD3D04 /* Int+.swift */,
			);
			path = Extension;
			sourceTree = "<group>";
		};
/* End PBXGroup section */

/* Begin PBXNativeTarget section */
		88324BA22C8B5FE300C41609 /* CoinGecko */ = {
			isa = PBXNativeTarget;
			buildConfigurationList = 88324BB12C8B5FE400C41609 /* Build configuration list for PBXNativeTarget "CoinGecko" */;
			buildPhases = (
				88324B9F2C8B5FE300C41609 /* Sources */,
				88324BA02C8B5FE300C41609 /* Frameworks */,
				88324BA12C8B5FE300C41609 /* Resources */,
			);
			buildRules = (
			);
			dependencies = (
			);
			name = CoinGecko;
			productName = CoinGecko;
			productReference = 88324BA32C8B5FE300C41609 /* CoinGecko.app */;
			productType = "com.apple.product-type.application";
		};
/* End PBXNativeTarget section */

/* Begin PBXProject section */
		88324B9B2C8B5FE300C41609 /* Project object */ = {
			isa = PBXProject;
			attributes = {
				BuildIndependentTargetsInParallel = 1;
				LastSwiftUpdateCheck = 1540;
				LastUpgradeCheck = 1540;
				TargetAttributes = {
					88324BA22C8B5FE300C41609 = {
						CreatedOnToolsVersion = 15.4;
					};
				};
			};
			buildConfigurationList = 88324B9E2C8B5FE300C41609 /* Build configuration list for PBXProject "CoinGecko" */;
			compatibilityVersion = "Xcode 14.0";
			developmentRegion = en;
			hasScannedForEncodings = 0;
			knownRegions = (
				en,
				Base,
			);
			mainGroup = 88324B9A2C8B5FE300C41609;
			productRefGroup = 88324BA42C8B5FE300C41609 /* Products */;
			projectDirPath = "";
			projectRoot = "";
			targets = (
				88324BA22C8B5FE300C41609 /* CoinGecko */,
			);
		};
/* End PBXProject section */

/* Begin PBXResourcesBuildPhase section */
		88324BA12C8B5FE300C41609 /* Resources */ = {
			isa = PBXResourcesBuildPhase;
			buildActionMask = 2147483647;
			files = (
				88324BAE2C8B5FE400C41609 /* Preview Assets.xcassets in Resources */,
				88324BAB2C8B5FE400C41609 /* Assets.xcassets in Resources */,
			);
			runOnlyForDeploymentPostprocessing = 0;
		};
/* End PBXResourcesBuildPhase section */

/* Begin PBXSourcesBuildPhase section */
		88324B9F2C8B5FE300C41609 /* Sources */ = {
			isa = PBXSourcesBuildPhase;
			buildActionMask = 2147483647;
			files = (
				888D80952C8C0C3700E78F49 /* NavigationBarModifier.swift in Sources */,
				8864BFF02C8DA6A200FD3D04 /* DateFormatManager.swift in Sources */,
				888D809E2C8C6AAB00E78F49 /* CoinSearchResponse.swift in Sources */,
				88B7EEAF2C8B65190053345C /* SearchView.swift in Sources */,
				88324BB52C8B610F00C41609 /* TrendingView.swift in Sources */,
				888D80912C8BDFB600E78F49 /* CoinPriceView.swift in Sources */,
				88324BA92C8B5FE300C41609 /* ContentView.swift in Sources */,
				888D80992C8C162800E78F49 /* RoundCornerBorder.swift in Sources */,
				888D80A52C8C8C5C00E78F49 /* ChartView.swift in Sources */,
				888D80AB2C8C9B9F00E78F49 /* CoinMarketResponse.swift in Sources */,
				888D80972C8C0E4200E78F49 /* ProfileImageView.swift in Sources */,
				88324BA72C8B5FE300C41609 /* CoinGeckoApp.swift in Sources */,
				888D80A92C8C902500E78F49 /* APIURL.swift in Sources */,
				88B7EEB12C8B65300053345C /* FavoriteView.swift in Sources */,
				8864BFE92C8D670D00FD3D04 /* CoinIconView.swift in Sources */,
				8864BFE72C8D625F00FD3D04 /* APIError.swift in Sources */,
				8864BFED2C8D6E2100FD3D04 /* Int+.swift in Sources */,
				888D80A72C8C8D1F00E78F49 /* URLSession+.swift in Sources */,
				888D809C2C8C696600E78F49 /* CoingeckoService.swift in Sources */,
				888D80A32C8C89BE00E78F49 /* LazyNavigationView.swift in Sources */,
				888D80A12C8C857E00E78F49 /* String+.swift in Sources */,
				88324BB72C8B612200C41609 /* NavigationWrapper.swift in Sources */,
			);
			runOnlyForDeploymentPostprocessing = 0;
		};
/* End PBXSourcesBuildPhase section */

/* Begin XCBuildConfiguration section */
		88324BAF2C8B5FE400C41609 /* Debug */ = {
			isa = XCBuildConfiguration;
			buildSettings = {
				ALWAYS_SEARCH_USER_PATHS = NO;
				ASSETCATALOG_COMPILER_GENERATE_SWIFT_ASSET_SYMBOL_EXTENSIONS = YES;
				CLANG_ANALYZER_NONNULL = YES;
				CLANG_ANALYZER_NUMBER_OBJECT_CONVERSION = YES_AGGRESSIVE;
				CLANG_CXX_LANGUAGE_STANDARD = "gnu++20";
				CLANG_ENABLE_MODULES = YES;
				CLANG_ENABLE_OBJC_ARC = YES;
				CLANG_ENABLE_OBJC_WEAK = YES;
				CLANG_WARN_BLOCK_CAPTURE_AUTORELEASING = YES;
				CLANG_WARN_BOOL_CONVERSION = YES;
				CLANG_WARN_COMMA = YES;
				CLANG_WARN_CONSTANT_CONVERSION = YES;
				CLANG_WARN_DEPRECATED_OBJC_IMPLEMENTATIONS = YES;
				CLANG_WARN_DIRECT_OBJC_ISA_USAGE = YES_ERROR;
				CLANG_WARN_DOCUMENTATION_COMMENTS = YES;
				CLANG_WARN_EMPTY_BODY = YES;
				CLANG_WARN_ENUM_CONVERSION = YES;
				CLANG_WARN_INFINITE_RECURSION = YES;
				CLANG_WARN_INT_CONVERSION = YES;
				CLANG_WARN_NON_LITERAL_NULL_CONVERSION = YES;
				CLANG_WARN_OBJC_IMPLICIT_RETAIN_SELF = YES;
				CLANG_WARN_OBJC_LITERAL_CONVERSION = YES;
				CLANG_WARN_OBJC_ROOT_CLASS = YES_ERROR;
				CLANG_WARN_QUOTED_INCLUDE_IN_FRAMEWORK_HEADER = YES;
				CLANG_WARN_RANGE_LOOP_ANALYSIS = YES;
				CLANG_WARN_STRICT_PROTOTYPES = YES;
				CLANG_WARN_SUSPICIOUS_MOVE = YES;
				CLANG_WARN_UNGUARDED_AVAILABILITY = YES_AGGRESSIVE;
				CLANG_WARN_UNREACHABLE_CODE = YES;
				CLANG_WARN__DUPLICATE_METHOD_MATCH = YES;
				COPY_PHASE_STRIP = NO;
				DEBUG_INFORMATION_FORMAT = dwarf;
				ENABLE_STRICT_OBJC_MSGSEND = YES;
				ENABLE_TESTABILITY = YES;
				ENABLE_USER_SCRIPT_SANDBOXING = YES;
				GCC_C_LANGUAGE_STANDARD = gnu17;
				GCC_DYNAMIC_NO_PIC = NO;
				GCC_NO_COMMON_BLOCKS = YES;
				GCC_OPTIMIZATION_LEVEL = 0;
				GCC_PREPROCESSOR_DEFINITIONS = (
					"DEBUG=1",
					"$(inherited)",
				);
				GCC_WARN_64_TO_32_BIT_CONVERSION = YES;
				GCC_WARN_ABOUT_RETURN_TYPE = YES_ERROR;
				GCC_WARN_UNDECLARED_SELECTOR = YES;
				GCC_WARN_UNINITIALIZED_AUTOS = YES_AGGRESSIVE;
				GCC_WARN_UNUSED_FUNCTION = YES;
				GCC_WARN_UNUSED_VARIABLE = YES;
				IPHONEOS_DEPLOYMENT_TARGET = 17.5;
				LOCALIZATION_PREFERS_STRING_CATALOGS = YES;
				MTL_ENABLE_DEBUG_INFO = INCLUDE_SOURCE;
				MTL_FAST_MATH = YES;
				ONLY_ACTIVE_ARCH = YES;
				SDKROOT = iphoneos;
				SWIFT_ACTIVE_COMPILATION_CONDITIONS = "DEBUG $(inherited)";
				SWIFT_OPTIMIZATION_LEVEL = "-Onone";
			};
			name = Debug;
		};
		88324BB02C8B5FE400C41609 /* Release */ = {
			isa = XCBuildConfiguration;
			buildSettings = {
				ALWAYS_SEARCH_USER_PATHS = NO;
				ASSETCATALOG_COMPILER_GENERATE_SWIFT_ASSET_SYMBOL_EXTENSIONS = YES;
				CLANG_ANALYZER_NONNULL = YES;
				CLANG_ANALYZER_NUMBER_OBJECT_CONVERSION = YES_AGGRESSIVE;
				CLANG_CXX_LANGUAGE_STANDARD = "gnu++20";
				CLANG_ENABLE_MODULES = YES;
				CLANG_ENABLE_OBJC_ARC = YES;
				CLANG_ENABLE_OBJC_WEAK = YES;
				CLANG_WARN_BLOCK_CAPTURE_AUTORELEASING = YES;
				CLANG_WARN_BOOL_CONVERSION = YES;
				CLANG_WARN_COMMA = YES;
				CLANG_WARN_CONSTANT_CONVERSION = YES;
				CLANG_WARN_DEPRECATED_OBJC_IMPLEMENTATIONS = YES;
				CLANG_WARN_DIRECT_OBJC_ISA_USAGE = YES_ERROR;
				CLANG_WARN_DOCUMENTATION_COMMENTS = YES;
				CLANG_WARN_EMPTY_BODY = YES;
				CLANG_WARN_ENUM_CONVERSION = YES;
				CLANG_WARN_INFINITE_RECURSION = YES;
				CLANG_WARN_INT_CONVERSION = YES;
				CLANG_WARN_NON_LITERAL_NULL_CONVERSION = YES;
				CLANG_WARN_OBJC_IMPLICIT_RETAIN_SELF = YES;
				CLANG_WARN_OBJC_LITERAL_CONVERSION = YES;
				CLANG_WARN_OBJC_ROOT_CLASS = YES_ERROR;
				CLANG_WARN_QUOTED_INCLUDE_IN_FRAMEWORK_HEADER = YES;
				CLANG_WARN_RANGE_LOOP_ANALYSIS = YES;
				CLANG_WARN_STRICT_PROTOTYPES = YES;
				CLANG_WARN_SUSPICIOUS_MOVE = YES;
				CLANG_WARN_UNGUARDED_AVAILABILITY = YES_AGGRESSIVE;
				CLANG_WARN_UNREACHABLE_CODE = YES;
				CLANG_WARN__DUPLICATE_METHOD_MATCH = YES;
				COPY_PHASE_STRIP = NO;
				DEBUG_INFORMATION_FORMAT = "dwarf-with-dsym";
				ENABLE_NS_ASSERTIONS = NO;
				ENABLE_STRICT_OBJC_MSGSEND = YES;
				ENABLE_USER_SCRIPT_SANDBOXING = YES;
				GCC_C_LANGUAGE_STANDARD = gnu17;
				GCC_NO_COMMON_BLOCKS = YES;
				GCC_WARN_64_TO_32_BIT_CONVERSION = YES;
				GCC_WARN_ABOUT_RETURN_TYPE = YES_ERROR;
				GCC_WARN_UNDECLARED_SELECTOR = YES;
				GCC_WARN_UNINITIALIZED_AUTOS = YES_AGGRESSIVE;
				GCC_WARN_UNUSED_FUNCTION = YES;
				GCC_WARN_UNUSED_VARIABLE = YES;
				IPHONEOS_DEPLOYMENT_TARGET = 17.5;
				LOCALIZATION_PREFERS_STRING_CATALOGS = YES;
				MTL_ENABLE_DEBUG_INFO = NO;
				MTL_FAST_MATH = YES;
				SDKROOT = iphoneos;
				SWIFT_COMPILATION_MODE = wholemodule;
				VALIDATE_PRODUCT = YES;
			};
			name = Release;
		};
		88324BB22C8B5FE400C41609 /* Debug */ = {
			isa = XCBuildConfiguration;
			buildSettings = {
				ASSETCATALOG_COMPILER_APPICON_NAME = AppIcon;
				ASSETCATALOG_COMPILER_GLOBAL_ACCENT_COLOR_NAME = AccentColor;
				CODE_SIGN_STYLE = Automatic;
				CURRENT_PROJECT_VERSION = 1;
				DEVELOPMENT_ASSET_PATHS = "\"CoinGecko/Preview Content\"";
				ENABLE_PREVIEWS = YES;
				GENERATE_INFOPLIST_FILE = YES;
				INFOPLIST_KEY_UIApplicationSceneManifest_Generation = YES;
				INFOPLIST_KEY_UIApplicationSupportsIndirectInputEvents = YES;
				INFOPLIST_KEY_UILaunchScreen_Generation = YES;
				INFOPLIST_KEY_UISupportedInterfaceOrientations_iPad = "UIInterfaceOrientationPortrait UIInterfaceOrientationPortraitUpsideDown UIInterfaceOrientationLandscapeLeft UIInterfaceOrientationLandscapeRight";
				INFOPLIST_KEY_UISupportedInterfaceOrientations_iPhone = "UIInterfaceOrientationPortrait UIInterfaceOrientationLandscapeLeft UIInterfaceOrientationLandscapeRight";
				LD_RUNPATH_SEARCH_PATHS = (
					"$(inherited)",
					"@executable_path/Frameworks",
				);
				MARKETING_VERSION = 1.0;
				PRODUCT_BUNDLE_IDENTIFIER = com.jm.CoinGecko;
				PRODUCT_NAME = "$(TARGET_NAME)";
				SWIFT_EMIT_LOC_STRINGS = YES;
				SWIFT_VERSION = 5.0;
				TARGETED_DEVICE_FAMILY = "1,2";
			};
			name = Debug;
		};
		88324BB32C8B5FE400C41609 /* Release */ = {
			isa = XCBuildConfiguration;
			buildSettings = {
				ASSETCATALOG_COMPILER_APPICON_NAME = AppIcon;
				ASSETCATALOG_COMPILER_GLOBAL_ACCENT_COLOR_NAME = AccentColor;
				CODE_SIGN_STYLE = Automatic;
				CURRENT_PROJECT_VERSION = 1;
				DEVELOPMENT_ASSET_PATHS = "\"CoinGecko/Preview Content\"";
				ENABLE_PREVIEWS = YES;
				GENERATE_INFOPLIST_FILE = YES;
				INFOPLIST_KEY_UIApplicationSceneManifest_Generation = YES;
				INFOPLIST_KEY_UIApplicationSupportsIndirectInputEvents = YES;
				INFOPLIST_KEY_UILaunchScreen_Generation = YES;
				INFOPLIST_KEY_UISupportedInterfaceOrientations_iPad = "UIInterfaceOrientationPortrait UIInterfaceOrientationPortraitUpsideDown UIInterfaceOrientationLandscapeLeft UIInterfaceOrientationLandscapeRight";
				INFOPLIST_KEY_UISupportedInterfaceOrientations_iPhone = "UIInterfaceOrientationPortrait UIInterfaceOrientationLandscapeLeft UIInterfaceOrientationLandscapeRight";
				LD_RUNPATH_SEARCH_PATHS = (
					"$(inherited)",
					"@executable_path/Frameworks",
				);
				MARKETING_VERSION = 1.0;
				PRODUCT_BUNDLE_IDENTIFIER = com.jm.CoinGecko;
				PRODUCT_NAME = "$(TARGET_NAME)";
				SWIFT_EMIT_LOC_STRINGS = YES;
				SWIFT_VERSION = 5.0;
				TARGETED_DEVICE_FAMILY = "1,2";
			};
			name = Release;
		};
/* End XCBuildConfiguration section */

/* Begin XCConfigurationList section */
		88324B9E2C8B5FE300C41609 /* Build configuration list for PBXProject "CoinGecko" */ = {
			isa = XCConfigurationList;
			buildConfigurations = (
				88324BAF2C8B5FE400C41609 /* Debug */,
				88324BB02C8B5FE400C41609 /* Release */,
			);
			defaultConfigurationIsVisible = 0;
			defaultConfigurationName = Release;
		};
		88324BB12C8B5FE400C41609 /* Build configuration list for PBXNativeTarget "CoinGecko" */ = {
			isa = XCConfigurationList;
			buildConfigurations = (
				88324BB22C8B5FE400C41609 /* Debug */,
				88324BB32C8B5FE400C41609 /* Release */,
			);
			defaultConfigurationIsVisible = 0;
			defaultConfigurationName = Release;
		};
/* End XCConfigurationList section */
	};
	rootObject = 88324B9B2C8B5FE300C41609 /* Project object */;
}
